github.com/guydavies/hexmanip v0.0.0-20230831120520-60240ddf78e7 h1:BGVi3eSfpzbBgI7+1C20BZm0LQZxWVvpcLDZFhgvLLA=
github.com/guydavies/hexmanip v0.0.0-20230831120520-60240ddf78e7/go.mod h1:kOih21pbcpffoG6zr/ZlUBqvmNIyAlkLd4IZIZhxF/Y=
github.com/guydavies/hexmanip v0.0.0-20230831124202-f5e971281386 h1:HkjsEMMPPf+NHBvYS/QO45oW31pExaWQ9mCcl6x+6Rw=
github.com/guydavies/hexmanip v0.0.0-20230831124202-f5e971281386/go.mod h1:kOih21pbcpffoG6zr/ZlUBqvmNIyAlkLd4IZIZhxF/Y=
